dependencies:
- name: gpu-health-monitor
  repository: ""
  version: 0.1.0
- name: mongodb-store
  repository: ""
  version: 0.1.0
- name: postgresql
  repository: oci://registry-1.docker.io/bitnamicharts
  version: 15.5.38
- name: fault-quarantine
  repository: ""
  version: 0.1.0
- name: node-drainer
  repository: ""
  version: 0.1.0
- name: fault-remediation
  repository: ""
  version: 0.1.0
- name: health-events-analyzer
  repository: ""
  version: 0.1.0
- name: csp-health-monitor
  repository: ""
  version: 0.1.0
- name: syslog-health-monitor
  repository: ""
  version: 0.1.0
- name: incluster-file-server
  repository: ""
  version: 0.1.0
- name: labeler
  repository: ""
  version: 0.1.0
- name: janitor
  repository: ""
  version: 0.1.0
digest: sha256:7ec3769155d030d0796750af25496a19b65aad1e2986c5b6ed5e4194e0db16d7
generated: "2025-10-26T19:10:41.100751-04:00"
